PODS:
  - Alamofire (5.11.1)
  - SnapKit (5.7.1)

DEPENDENCIES:
  - Alamofire
  - SnapKit

SPEC REPOS:
  trunk:
    - Alamofire
    - SnapKit

SPEC CHECKSUMS:
  Alamofire: eec6cd8f73b242b59e34153a606a909eb9864b14
  SnapKit: d612e99e678a2d3b95bf60b0705ed0a35c03484a

PODFILE CHECKSUM: 216eeb95cf65f6783934bdb3acaa0a0176f86fa4

COCOAPODS: 1.15.2
